// !$*UTF8*$!
{
	archiveVersion = 1;
	classes = {
	};
	objectVersion = 77;
	objects = {

/* Begin PBXContainerItemProxy section */
		8E7043A62D5B71E700A9E5F6 /* PBXContainerItemProxy */ = {
			isa = PBXContainerItemProxy;
			containerPortal = 8E70438C2D5B71E600A9E5F6 /* Project object */;
			proxyType = 1;
			remoteGlobalIDString = 8E7043932D5B71E600A9E5F6;
			remoteInfo = "esc-ios";
		};
		8E7043B02D5B71E700A9E5F6 /* PBXContainerItemProxy */ = {
			isa = PBXContainerItemProxy;
			containerPortal = 8E70438C2D5B71E600A9E5F6 /* Project object */;
			proxyType = 1;
			remoteGlobalIDString = 8E7043932D5B71E600A9E5F6;
			remoteInfo = "esc-ios";
		};
/* End PBXContainerItemProxy section */

/* Begin PBXFileReference section */
		8E7043942D5B71E600A9E5F6 /* esc-ios.app */ = {isa = PBXFileReference; explicitFileType = wrapper.application; includeInIndex = 0; path = "esc-ios.app"; sourceTree = BUILT_PRODUCTS_DIR; };
		8E7043A52D5B71E700A9E5F6 /* esc-iosTests.xctest */ = {isa = PBXFileReference; explicitFileType = wrapper.cfbundle; includeInIndex = 0; path = "esc-iosTests.xctest"; sourceTree = BUILT_PRODUCTS_DIR; };
		8E7043AF2D5B71E700A9E5F6 /* esc-iosUITests.xctest */ = {isa = PBXFileReference; explicitFileType = wrapper.cfbundle; includeInIndex = 0; path = "esc-iosUITests.xctest"; sourceTree = BUILT_PRODUCTS_DIR; };
/* End PBXFileReference section */

/* Begin PBXFileSystemSynchronizedBuildFileExceptionSet section */
		8E7043C32D5B720C00A9E5F6 /* Exceptions for "esc-ios" folder in "esc-ios" target */ = {
			isa = PBXFileSystemSynchronizedBuildFileExceptionSet;
			membershipExceptions = (
				Info.plist,
			);
			target = 8E7043932D5B71E600A9E5F6 /* esc-ios */;
		};
/* End PBXFileSystemSynchronizedBuildFileExceptionSet section */

/* Begin PBXFileSystemSynchronizedRootGroup section */
		8E7043962D5B71E600A9E5F6 /* esc-ios */ = {
			isa = PBXFileSystemSynchronizedRootGroup;
			exceptions = (
				8E7043C32D5B720C00A9E5F6 /* Exceptions for "esc-ios" folder in "esc-ios" target */,
			);
			path = "esc-ios";
			sourceTree = "<group>";
		};
		8E7043A82D5B71E700A9E5F6 /* esc-iosTests */ = {
			isa = PBXFileSystemSynchronizedRootGroup;
			path = "esc-iosTests";
			sourceTree = "<group>";
		};
		8E7043B22D5B71E700A9E5F6 /* esc-iosUITests */ = {
			isa = PBXFileSystemSynchronizedRootGroup;
			path = "esc-iosUITests";
			sourceTree = "<group>";
		};
/* End PBXFileSystemSynchronizedRootGroup section */

/* Begin PBXFrameworksBuildPhase section */
		8E7043912D5B71E600A9E5F6 /* Frameworks */ = {
			isa = PBXFrameworksBuildPhase;
			buildActionMask = 2147483647;
			files = (
			);
			runOnlyForDeploymentPostprocessing = 0;
		};
		8E7043A22D5B71E700A9E5F6 /* Frameworks */ = {
			isa = PBXFrameworksBuildPhase;
			buildActionMask = 2147483647;
			files = (
			);
			runOnlyForDeploymentPostprocessing = 0;
		};
		8E7043AC2D5B71E700A9E5F6 /* Frameworks */ = {
			isa = PBXFrameworksBuildPhase;
			buildActionMask = 2147483647;
			files = (
			);
			runOnlyForDeploymentPostprocessing = 0;
		};
/* End PBXFrameworksBuildPhase section */

/* Begin PBXGroup section */
		8E70438B2D5B71E600A9E5F6 = {
			isa = PBXGroup;
			children = (
				8E7043962D5B71E600A9E5F6 /* esc-ios */,
				8E7043A82D5B71E700A9E5F6 /* esc-iosTests */,
				8E7043B22D5B71E700A9E5F6 /* esc-iosUITests */,
				8E7043952D5B71E600A9E5F6 /* Products */,
			);
			sourceTree = "<group>";
		};
		8E7043952D5B71E600A9E5F6 /* Products */ = {
			isa = PBXGroup;
			children = (
				8E7043942D5B71E600A9E5F6 /* esc-ios.app */,
				8E7043A52D5B71E700A9E5F6 /* esc-iosTests.xctest */,
				8E7043AF2D5B71E700A9E5F6 /* esc-iosUITests.xctest */,
			);
			name = Products;
			sourceTree = "<group>";
		};
/* End PBXGroup section */

/* Begin PBXNativeTarget section */
		8E7043932D5B71E600A9E5F6 /* esc-ios */ = {
			isa = PBXNativeTarget;
			buildConfigurationList = 8E7043B92D5B71E700A9E5F6 /* Build configuration list for PBXNativeTarget "esc-ios" */;
			buildPhases = (
				8E7043902D5B71E600A9E5F6 /* Sources */,
				8E7043912D5B71E600A9E5F6 /* Frameworks */,
				8E7043922D5B71E600A9E5F6 /* Resources */,
			);
			buildRules = (
			);
			dependencies = (
			);
			fileSystemSynchronizedGroups = (
				8E7043962D5B71E600A9E5F6 /* esc-ios */,
			);
			name = "esc-ios";
			packageProductDependencies = (
			);
			productName = "esc-ios";
			productReference = 8E7043942D5B71E600A9E5F6 /* esc-ios.app */;
			productType = "com.apple.product-type.application";
		};
		8E7043A42D5B71E700A9E5F6 /* esc-iosTests */ = {
			isa = PBXNativeTarget;
			buildConfigurationList = 8E7043BC2D5B71E700A9E5F6 /* Build configuration list for PBXNativeTarget "esc-iosTests" */;
			buildPhases = (
				8E7043A12D5B71E700A9E5F6 /* Sources */,
				8E7043A22D5B71E700A9E5F6 /* Frameworks */,
				8E7043A32D5B71E700A9E5F6 /* Resources */,
			);
			buildRules = (
			);
			dependencies = (
				8E7043A72D5B71E700A9E5F6 /* PBXTargetDependency */,
			);
			fileSystemSynchronizedGroups = (
				8E7043A82D5B71E700A9E5F6 /* esc-iosTests */,
			);
			name = "esc-iosTests";
			packageProductDependencies = (
			);
			productName = "esc-iosTests";
			productReference = 8E7043A52D5B71E700A9E5F6 /* esc-iosTests.xctest */;
			productType = "com.apple.product-type.bundle.unit-test";
		};
		8E7043AE2D5B71E700A9E5F6 /* esc-iosUITests */ = {
			isa = PBXNativeTarget;
			buildConfigurationList = 8E7043BF2D5B71E700A9E5F6 /* Build configuration list for PBXNativeTarget "esc-iosUITests" */;
			buildPhases = (
				8E7043AB2D5B71E700A9E5F6 /* Sources */,
				8E7043AC2D5B71E700A9E5F6 /* Frameworks */,
				8E7043AD2D5B71E700A9E5F6 /* Resources */,
			);
			buildRules = (
			);
			dependencies = (
				8E7043B12D5B71E700A9E5F6 /* PBXTargetDependency */,
			);
			fileSystemSynchronizedGroups = (
				8E7043B22D5B71E700A9E5F6 /* esc-iosUITests */,
			);
			name = "esc-iosUITests";
			packageProductDependencies = (
			);
			productName = "esc-iosUITests";
			productReference = 8E7043AF2D5B71E700A9E5F6 /* esc-iosUITests.xctest */;
			productType = "com.apple.product-type.bundle.ui-testing";
		};
/* End PBXNativeTarget section */

/* Begin PBXProject section */
		8E70438C2D5B71E600A9E5F6 /* Project object */ = {
			isa = PBXProject;
			attributes = {
				BuildIndependentTargetsInParallel = 1;
				LastSwiftUpdateCheck = 1610;
				LastUpgradeCheck = 1610;
				TargetAttributes = {
					8E7043932D5B71E600A9E5F6 = {
						CreatedOnToolsVersion = 16.1;
					};
					8E7043A42D5B71E700A9E5F6 = {
						CreatedOnToolsVersion = 16.1;
						TestTargetID = 8E7043932D5B71E600A9E5F6;
					};
					8E7043AE2D5B71E700A9E5F6 = {
						CreatedOnToolsVersion = 16.1;
						TestTargetID = 8E7043932D5B71E600A9E5F6;
					};
				};
			};
			buildConfigurationList = 8E70438F2D5B71E600A9E5F6 /* Build configuration list for PBXProject "esc-ios" */;
			developmentRegion = es;
			hasScannedForEncodings = 0;
			knownRegions = (
				en,
				Base,
				es,
			);
			mainGroup = 8E70438B2D5B71E600A9E5F6;
			minimizedProjectReferenceProxies = 1;
			preferredProjectObjectVersion = 77;
			productRefGroup = 8E7043952D5B71E600A9E5F6 /* Products */;
			projectDirPath = "";
			projectRoot = "";
			targets = (
				8E7043932D5B71E600A9E5F6 /* esc-ios */,
				8E7043A42D5B71E700A9E5F6 /* esc-iosTests */,
				8E7043AE2D5B71E700A9E5F6 /* esc-iosUITests */,
			);
		};
/* End PBXProject section */

/* Begin PBXResourcesBuildPhase section */
		8E7043922D5B71E600A9E5F6 /* Resources */ = {
			isa = PBXResourcesBuildPhase;
			buildActionMask = 2147483647;
			files = (
			);
			runOnlyForDeploymentPostprocessing = 0;
		};
		8E7043A32D5B71E700A9E5F6 /* Resources */ = {
			isa = PBXResourcesBuildPhase;
			buildActionMask = 2147483647;
			files = (
			);
			runOnlyForDeploymentPostprocessing = 0;
		};
		8E7043AD2D5B71E700A9E5F6 /* Resources */ = {
			isa = PBXResourcesBuildPhase;
			buildActionMask = 2147483647;
			files = (
			);
			runOnlyForDeploymentPostprocessing = 0;
		};
/* End PBXResourcesBuildPhase section */

/* Begin PBXSourcesBuildPhase section */
		8E7043902D5B71E600A9E5F6 /* Sources */ = {
			isa = PBXSourcesBuildPhase;
			buildActionMask = 2147483647;
			files = (
			);
			runOnlyForDeploymentPostprocessing = 0;
		};
		8E7043A12D5B71E700A9E5F6 /* Sources */ = {
			isa = PBXSourcesBuildPhase;
			buildActionMask = 2147483647;
			files = (
			);
			runOnlyForDeploymentPostprocessing = 0;
		};
		8E7043AB2D5B71E700A9E5F6 /* Sources */ = {
			isa = PBXSourcesBuildPhase;
			buildActionMask = 2147483647;
			files = (
			);
			runOnlyForDeploymentPostprocessing = 0;
		};
/* End PBXSourcesBuildPhase section */

/* Begin PBXTargetDependency section */
		8E7043A72D5B71E700A9E5F6 /* PBXTargetDependency */ = {
			isa = PBXTargetDependency;
			target = 8E7043932D5B71E600A9E5F6 /* esc-ios */;
			targetProxy = 8E7043A62D5B71E700A9E5F6 /* PBXContainerItemProxy */;
		};
		8E7043B12D5B71E700A9E5F6 /* PBXTargetDependency */ = {
			isa = PBXTargetDependency;
			target = 8E7043932D5B71E600A9E5F6 /* esc-ios */;
			targetProxy = 8E7043B02D5B71E700A9E5F6 /* PBXContainerItemProxy */;
		};
/* End PBXTargetDependency section */

/* Begin XCBuildConfiguration section */
		8E7043B72D5B71E700A9E5F6 /* Debug */ = {
			isa = XCBuildConfiguration;
			buildSettings = {
				ALWAYS_SEARCH_USER_PATHS = NO;
				ASSETCATALOG_COMPILER_GENERATE_SWIFT_ASSET_SYMBOL_EXTENSIONS = YES;
				CLANG_ANALYZER_NONNULL = YES;
				CLANG_ANALYZER_NUMBER_OBJECT_CONVERSION = YES_AGGRESSIVE;
				CLANG_CXX_LANGUAGE_STANDARD = "gnu++20";
				CLANG_ENABLE_MODULES = YES;
				CLANG_ENABLE_OBJC_ARC = YES;
				CLANG_ENABLE_OBJC_WEAK = YES;
				CLANG_WARN_BLOCK_CAPTURE_AUTORELEASING = YES;
				CLANG_WARN_BOOL_CONVERSION = YES;
				CLANG_WARN_COMMA = YES;
				CLANG_WARN_CONSTANT_CONVERSION = YES;
				CLANG_WARN_DEPRECATED_OBJC_IMPLEMENTATIONS = YES;
				CLANG_WARN_DIRECT_OBJC_ISA_USAGE = YES_ERROR;
				CLANG_WARN_DOCUMENTATION_COMMENTS = YES;
				CLANG_WARN_EMPTY_BODY = YES;
				CLANG_WARN_ENUM_CONVERSION = YES;
				CLANG_WARN_INFINITE_RECURSION = YES;
				CLANG_WARN_INT_CONVERSION = YES;
				CLANG_WARN_NON_LITERAL_NULL_CONVERSION = YES;
				CLANG_WARN_OBJC_IMPLICIT_RETAIN_SELF = YES;
				CLANG_WARN_OBJC_LITERAL_CONVERSION = YES;
				CLANG_WARN_OBJC_ROOT_CLASS = YES_ERROR;
				CLANG_WARN_QUOTED_INCLUDE_IN_FRAMEWORK_HEADER = YES;
				CLANG_WARN_RANGE_LOOP_ANALYSIS = YES;
				CLANG_WARN_STRICT_PROTOTYPES = YES;
				CLANG_WARN_SUSPICIOUS_MOVE = YES;
				CLANG_WARN_UNGUARDED_AVAILABILITY = YES_AGGRESSIVE;
				CLANG_WARN_UNREACHABLE_CODE = YES;
				CLANG_WARN__DUPLICATE_METHOD_MATCH = YES;
				COPY_PHASE_STRIP = NO;
				DEBUG_INFORMATION_FORMAT = dwarf;
				ENABLE_STRICT_OBJC_MSGSEND = YES;
				ENABLE_TESTABILITY = YES;
				ENABLE_USER_SCRIPT_SANDBOXING = YES;
				GCC_C_LANGUAGE_STANDARD = gnu17;
				GCC_DYNAMIC_NO_PIC = NO;
				GCC_NO_COMMON_BLOCKS = YES;
				GCC_OPTIMIZATION_LEVEL = 0;
				GCC_PREPROCESSOR_DEFINITIONS = (
					"DEBUG=1",
					"$(inherited)",
				);
				GCC_WARN_64_TO_32_BIT_CONVERSION = YES;
				GCC_WARN_ABOUT_RETURN_TYPE = YES_ERROR;
				GCC_WARN_UNDECLARED_SELECTOR = YES;
				GCC_WARN_UNINITIALIZED_AUTOS = YES_AGGRESSIVE;
				GCC_WARN_UNUSED_FUNCTION = YES;
				GCC_WARN_UNUSED_VARIABLE = YES;
				LOCALIZATION_PREFERS_STRING_CATALOGS = YES;
				MTL_ENABLE_DEBUG_INFO = INCLUDE_SOURCE;
				MTL_FAST_MATH = YES;
				ONLY_ACTIVE_ARCH = YES;
				SWIFT_ACTIVE_COMPILATION_CONDITIONS = "DEBUG $(inherited)";
				SWIFT_OPTIMIZATION_LEVEL = "-Onone";
			};
			name = Debug;
		};
		8E7043B82D5B71E700A9E5F6 /* Release */ = {
			isa = XCBuildConfiguration;
			buildSettings = {
				ALWAYS_SEARCH_USER_PATHS = NO;
				ASSETCATALOG_COMPILER_GENERATE_SWIFT_ASSET_SYMBOL_EXTENSIONS = YES;
				CLANG_ANALYZER_NONNULL = YES;
				CLANG_ANALYZER_NUMBER_OBJECT_CONVERSION = YES_AGGRESSIVE;
				CLANG_CXX_LANGUAGE_STANDARD = "gnu++20";
				CLANG_ENABLE_MODULES = YES;
				CLANG_ENABLE_OBJC_ARC = YES;
				CLANG_ENABLE_OBJC_WEAK = YES;
				CLANG_WARN_BLOCK_CAPTURE_AUTORELEASING = YES;
				CLANG_WARN_BOOL_CONVERSION = YES;
				CLANG_WARN_COMMA = YES;
				CLANG_WARN_CONSTANT_CONVERSION = YES;
				CLANG_WARN_DEPRECATED_OBJC_IMPLEMENTATIONS = YES;
				CLANG_WARN_DIRECT_OBJC_ISA_USAGE = YES_ERROR;
				CLANG_WARN_DOCUMENTATION_COMMENTS = YES;
				CLANG_WARN_EMPTY_BODY = YES;
				CLANG_WARN_ENUM_CONVERSION = YES;
				CLANG_WARN_INFINITE_RECURSION = YES;
				CLANG_WARN_INT_CONVERSION = YES;
				CLANG_WARN_NON_LITERAL_NULL_CONVERSION = YES;
				CLANG_WARN_OBJC_IMPLICIT_RETAIN_SELF = YES;
				CLANG_WARN_OBJC_LITERAL_CONVERSION = YES;
				CLANG_WARN_OBJC_ROOT_CLASS = YES_ERROR;
				CLANG_WARN_QUOTED_INCLUDE_IN_FRAMEWORK_HEADER = YES;
				CLANG_WARN_RANGE_LOOP_ANALYSIS = YES;
				CLANG_WARN_STRICT_PROTOTYPES = YES;
				CLANG_WARN_SUSPICIOUS_MOVE = YES;
				CLANG_WARN_UNGUARDED_AVAILABILITY = YES_AGGRESSIVE;
				CLANG_WARN_UNREACHABLE_CODE = YES;
				CLANG_WARN__DUPLICATE_METHOD_MATCH = YES;
				COPY_PHASE_STRIP = NO;
				DEBUG_INFORMATION_FORMAT = "dwarf-with-dsym";
				ENABLE_NS_ASSERTIONS = NO;
				ENABLE_STRICT_OBJC_MSGSEND = YES;
				ENABLE_USER_SCRIPT_SANDBOXING = YES;
				GCC_C_LANGUAGE_STANDARD = gnu17;
				GCC_NO_COMMON_BLOCKS = YES;
				GCC_WARN_64_TO_32_BIT_CONVERSION = YES;
				GCC_WARN_ABOUT_RETURN_TYPE = YES_ERROR;
				GCC_WARN_UNDECLARED_SELECTOR = YES;
				GCC_WARN_UNINITIALIZED_AUTOS = YES_AGGRESSIVE;
				GCC_WARN_UNUSED_FUNCTION = YES;
				GCC_WARN_UNUSED_VARIABLE = YES;
				LOCALIZATION_PREFERS_STRING_CATALOGS = YES;
				MTL_ENABLE_DEBUG_INFO = NO;
				MTL_FAST_MATH = YES;
				SWIFT_COMPILATION_MODE = wholemodule;
			};
			name = Release;
		};
		8E7043BA2D5B71E700A9E5F6 /* Debug */ = {
			isa = XCBuildConfiguration;
			buildSettings = {
				ASSETCATALOG_COMPILER_APPICON_NAME = AppIcon;
				ASSETCATALOG_COMPILER_GLOBAL_ACCENT_COLOR_NAME = AccentColor;
				CODE_SIGN_ENTITLEMENTS = "esc-ios/esc_ios.entitlements";
				CODE_SIGN_STYLE = Automatic;
				CURRENT_PROJECT_VERSION = 1;
				DEVELOPMENT_ASSET_PATHS = "\"esc-ios/Preview Content\"";
				DEVELOPMENT_TEAM = HKG5JZ5GHN;
				ENABLE_HARDENED_RUNTIME = YES;
				ENABLE_PREVIEWS = YES;
				GENERATE_INFOPLIST_FILE = YES;
				INFOPLIST_FILE = "esc-ios/Info.plist";
				INFOPLIST_KEY_CFBundleDisplayName = "Energía Solar Canarias";
				INFOPLIST_KEY_NSCameraUsageDescription = "Esta aplicación necesita acceso a la cámara para tomar fotos y escanear códigos QR.";
				INFOPLIST_KEY_NSMicrophoneUsageDescription = "Esta aplicación necesita acceso al micrófono para grabar audio.";
				INFOPLIST_KEY_NSPhotoLibraryAddUsageDescription = "Esta aplicación necesita permiso para guardar imágenes en la galería.";
				INFOPLIST_KEY_NSPhotoLibraryUsageDescription = "Esta aplicación necesita acceso a la galería para guardar fotos.";
				"INFOPLIST_KEY_UIApplicationSceneManifest_Generation[sdk=iphoneos*]" = YES;
				"INFOPLIST_KEY_UIApplicationSceneManifest_Generation[sdk=iphonesimulator*]" = YES;
				"INFOPLIST_KEY_UIApplicationSupportsIndirectInputEvents[sdk=iphoneos*]" = YES;
				"INFOPLIST_KEY_UIApplicationSupportsIndirectInputEvents[sdk=iphonesimulator*]" = YES;
				"INFOPLIST_KEY_UILaunchScreen_Generation[sdk=iphoneos*]" = YES;
				"INFOPLIST_KEY_UILaunchScreen_Generation[sdk=iphonesimulator*]" = YES;
				"INFOPLIST_KEY_UIStatusBarStyle[sdk=iphoneos*]" = UIStatusBarStyleDefault;
				"INFOPLIST_KEY_UIStatusBarStyle[sdk=iphonesimulator*]" = UIStatusBarStyleDefault;
				INFOPLIST_KEY_UISupportedInterfaceOrientations_iPad = "UIInterfaceOrientationPortrait UIInterfaceOrientationPortraitUpsideDown UIInterfaceOrientationLandscapeLeft UIInterfaceOrientationLandscapeRight";
				INFOPLIST_KEY_UISupportedInterfaceOrientations_iPhone = "UIInterfaceOrientationPortrait UIInterfaceOrientationLandscapeLeft UIInterfaceOrientationLandscapeRight";
				IPHONEOS_DEPLOYMENT_TARGET = 18.1;
				LD_RUNPATH_SEARCH_PATHS = "@executable_path/Frameworks";
				"LD_RUNPATH_SEARCH_PATHS[sdk=macosx*]" = "@executable_path/../Frameworks";
				MACOSX_DEPLOYMENT_TARGET = 15.1;
				MARKETING_VERSION = 1.0;
				PRODUCT_BUNDLE_IDENTIFIER = "com.galaga.esc-ios";
				PRODUCT_NAME = "$(TARGET_NAME)";
				SDKROOT = auto;
				SUPPORTED_PLATFORMS = "iphoneos iphonesimulator macosx xros xrsimulator";
				SWIFT_EMIT_LOC_STRINGS = YES;
				SWIFT_VERSION = 5.0;
				TARGETED_DEVICE_FAMILY = "1,2,7";
				XROS_DEPLOYMENT_TARGET = 2.1;
			};
			name = Debug;
		};
		8E7043BB2D5B71E700A9E5F6 /* Release */ = {
			isa = XCBuildConfiguration;
			buildSettings = {
				ASSETCATALOG_COMPILER_APPICON_NAME = AppIcon;
				ASSETCATALOG_COMPILER_GLOBAL_ACCENT_COLOR_NAME = AccentColor;
				CODE_SIGN_ENTITLEMENTS = "esc-ios/esc_ios.entitlements";
				CODE_SIGN_STYLE = Automatic;
				CURRENT_PROJECT_VERSION = 1;
				DEVELOPMENT_ASSET_PATHS = "\"esc-ios/Preview Content\"";
				DEVELOPMENT_TEAM = HKG5JZ5GHN;
				ENABLE_HARDENED_RUNTIME = YES;
				ENABLE_PREVIEWS = YES;
				GENERATE_INFOPLIST_FILE = YES;
				INFOPLIST_FILE = "esc-ios/Info.plist";
				INFOPLIST_KEY_CFBundleDisplayName = "Energía Solar Canarias";
				INFOPLIST_KEY_NSCameraUsageDescription = "Esta aplicación necesita acceso a la cámara para tomar fotos y escanear códigos QR.";
				INFOPLIST_KEY_NSMicrophoneUsageDescription = "Esta aplicación necesita acceso al micrófono para grabar audio.";
				INFOPLIST_KEY_NSPhotoLibraryAddUsageDescription = "Esta aplicación necesita permiso para guardar imágenes en la galería.";
				INFOPLIST_KEY_NSPhotoLibraryUsageDescription = "Esta aplicación necesita acceso a la galería para guardar fotos.";
				"INFOPLIST_KEY_UIApplicationSceneManifest_Generation[sdk=iphoneos*]" = YES;
				"INFOPLIST_KEY_UIApplicationSceneManifest_Generation[sdk=iphonesimulator*]" = YES;
				"INFOPLIST_KEY_UIApplicationSupportsIndirectInputEvents[sdk=iphoneos*]" = YES;
				"INFOPLIST_KEY_UIApplicationSupportsIndirectInputEvents[sdk=iphonesimulator*]" = YES;
				"INFOPLIST_KEY_UILaunchScreen_Generation[sdk=iphoneos*]" = YES;
				"INFOPLIST_KEY_UILaunchScreen_Generation[sdk=iphonesimulator*]" = YES;
				"INFOPLIST_KEY_UIStatusBarStyle[sdk=iphoneos*]" = UIStatusBarStyleDefault;
				"INFOPLIST_KEY_UIStatusBarStyle[sdk=iphonesimulator*]" = UIStatusBarStyleDefault;
				INFOPLIST_KEY_UISupportedInterfaceOrientations_iPad = "UIInterfaceOrientationPortrait UIInterfaceOrientationPortraitUpsideDown UIInterfaceOrientationLandscapeLeft UIInterfaceOrientationLandscapeRight";
				INFOPLIST_KEY_UISupportedInterfaceOrientations_iPhone = "UIInterfaceOrientationPortrait UIInterfaceOrientationLandscapeLeft UIInterfaceOrientationLandscapeRight";
				IPHONEOS_DEPLOYMENT_TARGET = 18.1;
				LD_RUNPATH_SEARCH_PATHS = "@executable_path/Frameworks";
				"LD_RUNPATH_SEARCH_PATHS[sdk=macosx*]" = "@executable_path/../Frameworks";
				MACOSX_DEPLOYMENT_TARGET = 15.1;
				MARKETING_VERSION = 1.0;
				PRODUCT_BUNDLE_IDENTIFIER = "com.galaga.esc-ios";
				PRODUCT_NAME = "$(TARGET_NAME)";
				SDKROOT = auto;
				SUPPORTED_PLATFORMS = "iphoneos iphonesimulator macosx xros xrsimulator";
				SWIFT_EMIT_LOC_STRINGS = YES;
				SWIFT_VERSION = 5.0;
				TARGETED_DEVICE_FAMILY = "1,2,7";
				XROS_DEPLOYMENT_TARGET = 2.1;
			};
			name = Release;
		};
		8E7043BD2D5B71E700A9E5F6 /* Debug */ = {
			isa = XCBuildConfiguration;
			buildSettings = {
				BUNDLE_LOADER = "$(TEST_HOST)";
				CODE_SIGN_STYLE = Automatic;
				CURRENT_PROJECT_VERSION = 1;
				DEVELOPMENT_TEAM = HKG5JZ5GHN;
				GENERATE_INFOPLIST_FILE = YES;
				IPHONEOS_DEPLOYMENT_TARGET = 18.1;
				MACOSX_DEPLOYMENT_TARGET = 15.1;
				MARKETING_VERSION = 1.0;
				PRODUCT_BUNDLE_IDENTIFIER = "com.galaga.esc-iosTests";
				PRODUCT_NAME = "$(TARGET_NAME)";
				SDKROOT = auto;
				SUPPORTED_PLATFORMS = "iphoneos iphonesimulator macosx xros xrsimulator";
				SWIFT_EMIT_LOC_STRINGS = NO;
				SWIFT_VERSION = 5.0;
				TARGETED_DEVICE_FAMILY = "1,2,7";
				TEST_HOST = "$(BUILT_PRODUCTS_DIR)/esc-ios.app/$(BUNDLE_EXECUTABLE_FOLDER_PATH)/esc-ios";
				XROS_DEPLOYMENT_TARGET = 2.1;
			};
			name = Debug;
		};
		8E7043BE2D5B71E700A9E5F6 /* Release */ = {
			isa = XCBuildConfiguration;
			buildSettings = {
				BUNDLE_LOADER = "$(TEST_HOST)";
				CODE_SIGN_STYLE = Automatic;
				CURRENT_PROJECT_VERSION = 1;
				DEVELOPMENT_TEAM = HKG5JZ5GHN;
				GENERATE_INFOPLIST_FILE = YES;
				IPHONEOS_DEPLOYMENT_TARGET = 18.1;
				MACOSX_DEPLOYMENT_TARGET = 15.1;
				MARKETING_VERSION = 1.0;
				PRODUCT_BUNDLE_IDENTIFIER = "com.galaga.esc-iosTests";
				PRODUCT_NAME = "$(TARGET_NAME)";
				SDKROOT = auto;
				SUPPORTED_PLATFORMS = "iphoneos iphonesimulator macosx xros xrsimulator";
				SWIFT_EMIT_LOC_STRINGS = NO;
				SWIFT_VERSION = 5.0;
				TARGETED_DEVICE_FAMILY = "1,2,7";
				TEST_HOST = "$(BUILT_PRODUCTS_DIR)/esc-ios.app/$(BUNDLE_EXECUTABLE_FOLDER_PATH)/esc-ios";
				XROS_DEPLOYMENT_TARGET = 2.1;
			};
			name = Release;
		};
		8E7043C02D5B71E700A9E5F6 /* Debug */ = {
			isa = XCBuildConfiguration;
			buildSettings = {
				CODE_SIGN_STYLE = Automatic;
				CURRENT_PROJECT_VERSION = 1;
				DEVELOPMENT_TEAM = HKG5JZ5GHN;
				GENERATE_INFOPLIST_FILE = YES;
				IPHONEOS_DEPLOYMENT_TARGET = 18.1;
				MACOSX_DEPLOYMENT_TARGET = 15.1;
				MARKETING_VERSION = 1.0;
				PRODUCT_BUNDLE_IDENTIFIER = "com.galaga.esc-iosUITests";
				PRODUCT_NAME = "$(TARGET_NAME)";
				SDKROOT = auto;
				SUPPORTED_PLATFORMS = "iphoneos iphonesimulator macosx xros xrsimulator";
				SWIFT_EMIT_LOC_STRINGS = NO;
				SWIFT_VERSION = 5.0;
				TARGETED_DEVICE_FAMILY = "1,2,7";
				TEST_TARGET_NAME = "esc-ios";
				XROS_DEPLOYMENT_TARGET = 2.1;
			};
			name = Debug;
		};
		8E7043C12D5B71E700A9E5F6 /* Release */ = {
			isa = XCBuildConfiguration;
			buildSettings = {
				CODE_SIGN_STYLE = Automatic;
				CURRENT_PROJECT_VERSION = 1;
				DEVELOPMENT_TEAM = HKG5JZ5GHN;
				GENERATE_INFOPLIST_FILE = YES;
				IPHONEOS_DEPLOYMENT_TARGET = 18.1;
				MACOSX_DEPLOYMENT_TARGET = 15.1;
				MARKETING_VERSION = 1.0;
				PRODUCT_BUNDLE_IDENTIFIER = "com.galaga.esc-iosUITests";
				PRODUCT_NAME = "$(TARGET_NAME)";
				SDKROOT = auto;
				SUPPORTED_PLATFORMS = "iphoneos iphonesimulator macosx xros xrsimulator";
				SWIFT_EMIT_LOC_STRINGS = NO;
				SWIFT_VERSION = 5.0;
				TARGETED_DEVICE_FAMILY = "1,2,7";
				TEST_TARGET_NAME = "esc-ios";
				XROS_DEPLOYMENT_TARGET = 2.1;
			};
			name = Release;
		};
/* End XCBuildConfiguration section */

/* Begin XCConfigurationList section */
		8E70438F2D5B71E600A9E5F6 /* Build configuration list for PBXProject "esc-ios" */ = {
			isa = XCConfigurationList;
			buildConfigurations = (
				8E7043B72D5B71E700A9E5F6 /* Debug */,
				8E7043B82D5B71E700A9E5F6 /* Release */,
			);
			defaultConfigurationIsVisible = 0;
			defaultConfigurationName = Release;
		};
		8E7043B92D5B71E700A9E5F6 /* Build configuration list for PBXNativeTarget "esc-ios" */ = {
			isa = XCConfigurationList;
			buildConfigurations = (
				8E7043BA2D5B71E700A9E5F6 /* Debug */,
				8E7043BB2D5B71E700A9E5F6 /* Release */,
			);
			defaultConfigurationIsVisible = 0;
			defaultConfigurationName = Release;
		};
		8E7043BC2D5B71E700A9E5F6 /* Build configuration list for PBXNativeTarget "esc-iosTests" */ = {
			isa = XCConfigurationList;
			buildConfigurations = (
				8E7043BD2D5B71E700A9E5F6 /* Debug */,
				8E7043BE2D5B71E700A9E5F6 /* Release */,
			);
			defaultConfigurationIsVisible = 0;
			defaultConfigurationName = Release;
		};
		8E7043BF2D5B71E700A9E5F6 /* Build configuration list for PBXNativeTarget "esc-iosUITests" */ = {
			isa = XCConfigurationList;
			buildConfigurations = (
				8E7043C02D5B71E700A9E5F6 /* Debug */,
				8E7043C12D5B71E700A9E5F6 /* Release */,
			);
			defaultConfigurationIsVisible = 0;
			defaultConfigurationName = Release;
		};
/* End XCConfigurationList section */
	};
	rootObject = 8E70438C2D5B71E600A9E5F6 /* Project object */;
}
